
Microsoft Visual Studio Solution File, Format Version 12.00
# Visual Studio Version 16
VisualStudioVersion = 16.0.29418.71
MinimumVisualStudioVersion = 10.0.40219.1
Project("{FAE04EC0-301F-11D3-BF4B-00C04F79EFBC}") = "CoryGehr.GroupMe.GetImages", "CoryGehr.GroupMe.GetImages.csproj", "{F45245BD-5842-4987-A78E-78E0029F11B3}"
EndProject
Global
	GlobalSection(SolutionConfigurationPlatforms) = preSolution
		Debug|Any CPU = Debug|Any CPU
		Release|Any CPU = Release|Any CPU
	EndGlobalSection
	GlobalSection(ProjectConfigurationPlatforms) = postSolution
		{F45245BD-5842-4987-A78E-78E0029F11B3}.Debug|Any CPU.ActiveCfg = Debug|Any CPU
		{F45245BD-5842-4987-A78E-78E0029F11B3}.Debug|Any CPU.Build.0 = Debug|Any CPU
		{F45245BD-5842-4987-A78E-78E0029F11B3}.Release|Any CPU.ActiveCfg = Release|Any CPU
		{F45245BD-5842-4987-A78E-78E0029F11B3}.Release|Any CPU.Build.0 = Release|Any CPU
	EndGlobalSection
	GlobalSection(SolutionProperties) = preSolution
		HideSolutionNode = FALSE
	EndGlobalSection
	GlobalSection(ExtensibilityGlobals) = postSolution
		SolutionGuid = {92606D43-C8D6-44FA-B661-8E5C9F5DD927}
	EndGlobalSection
EndGlobal
